
Microsoft Visual Studio Solution File, Format Version 12.00
# Visual Studio Version 17
VisualStudioVersion = 17.2.32616.157
MinimumVisualStudioVersion = 10.0.40219.1
Project("{9A19103F-16F7-4668-BE54-9A1E7A4F7556}") = "ReenBitTestTask", "ReenBitTestTask\ReenBitTestTask.csproj", "{97BEA90B-36EB-43F0-A751-750B7DC7BC5F}"
EndProject
Project("{FAE04EC0-301F-11D3-BF4B-00C04F79EFBC}") = "DAL", "DAL\DAL.csproj", "{C2C774EC-CF21-4C6B-ABF0-EF92C67D3EC0}"
EndProject
Project("{FAE04EC0-301F-11D3-BF4B-00C04F79EFBC}") = "BLL", "BLL\BLL.csproj", "{0ED544D7-BD06-450E-A04A-A93EBD7A9F15}"
EndProject
Project("{FAE04EC0-301F-11D3-BF4B-00C04F79EFBC}") = "ChatTest", "ChatTest\ChatTest.csproj", "{A0E2306B-25E8-4C61-BAAB-26487C5A13EF}"
EndProject
Global
	GlobalSection(SolutionConfigurationPlatforms) = preSolution
		Debug|Any CPU = Debug|Any CPU
		Release|Any CPU = Release|Any CPU
	EndGlobalSection
	GlobalSection(ProjectConfigurationPlatforms) = postSolution
		{97BEA90B-36EB-43F0-A751-750B7DC7BC5F}.Debug|Any CPU.ActiveCfg = Debug|Any CPU
		{97BEA90B-36EB-43F0-A751-750B7DC7BC5F}.Debug|Any CPU.Build.0 = Debug|Any CPU
		{97BEA90B-36EB-43F0-A751-750B7DC7BC5F}.Release|Any CPU.ActiveCfg = Release|Any CPU
		{97BEA90B-36EB-43F0-A751-750B7DC7BC5F}.Release|Any CPU.Build.0 = Release|Any CPU
		{C2C774EC-CF21-4C6B-ABF0-EF92C67D3EC0}.Debug|Any CPU.ActiveCfg = Debug|Any CPU
		{C2C774EC-CF21-4C6B-ABF0-EF92C67D3EC0}.Debug|Any CPU.Build.0 = Debug|Any CPU
		{C2C774EC-CF21-4C6B-ABF0-EF92C67D3EC0}.Release|Any CPU.ActiveCfg = Release|Any CPU
		{C2C774EC-CF21-4C6B-ABF0-EF92C67D3EC0}.Release|Any CPU.Build.0 = Release|Any CPU
		{0ED544D7-BD06-450E-A04A-A93EBD7A9F15}.Debug|Any CPU.ActiveCfg = Debug|Any CPU
		{0ED544D7-BD06-450E-A04A-A93EBD7A9F15}.Debug|Any CPU.Build.0 = Debug|Any CPU
		{0ED544D7-BD06-450E-A04A-A93EBD7A9F15}.Release|Any CPU.ActiveCfg = Release|Any CPU
		{0ED544D7-BD06-450E-A04A-A93EBD7A9F15}.Release|Any CPU.Build.0 = Release|Any CPU
		{A0E2306B-25E8-4C61-BAAB-26487C5A13EF}.Debug|Any CPU.ActiveCfg = Debug|Any CPU
		{A0E2306B-25E8-4C61-BAAB-26487C5A13EF}.Debug|Any CPU.Build.0 = Debug|Any CPU
		{A0E2306B-25E8-4C61-BAAB-26487C5A13EF}.Release|Any CPU.ActiveCfg = Release|Any CPU
		{A0E2306B-25E8-4C61-BAAB-26487C5A13EF}.Release|Any CPU.Build.0 = Release|Any CPU
	EndGlobalSection
	GlobalSection(SolutionProperties) = preSolution
		HideSolutionNode = FALSE
	EndGlobalSection
	GlobalSection(ExtensibilityGlobals) = postSolution
		SolutionGuid = {B0B995BD-8559-4EAE-95AF-357EF839063E}
	EndGlobalSection
EndGlobal
